# This file is automatically @generated by Cargo.
# It is not intended for manual editing.
version = 4

[[package]]
name = "crash"
version = "0.2.1"
source = "git+https://github.com/scien-tific/crash.git?tag=v0.2.1#94373247ccedb01b919772448448b0e6bc5c82a3"

[[package]]
name = "jsef"
version = "0.2.3"
dependencies = [
 "crash",
]
