# This file is automatically @generated by Cargo.
# It is not intended for manual editing.
version = 4

[[package]]
name = "crash"
version = "0.2.0"
source = "git+https://github.com/scien-tific/crash.git?tag=v0.2.0#4576a7b5db5b58957a6a7da3b4ce01865c88d9d2"

[[package]]
name = "jsef"
version = "0.1.0"
dependencies = [
 "crash",
]
